
Microsoft Visual Studio Solution File, Format Version 12.00
# Visual Studio Version 16
VisualStudioVersion = 16.0.30717.126
MinimumVisualStudioVersion = 10.0.40219.1
Project("{FAE04EC0-301F-11D3-BF4B-00C04F79EFBC}") = "Web", "Web\Web.csproj", "{0D7A24C6-B6D9-4A88-81E9-7A452EA28AC2}"
EndProject
Project("{FAE04EC0-301F-11D3-BF4B-00C04F79EFBC}") = "IRAT.Inject.Business", "IRAT.Inject.Business\IRAT.Inject.Business.csproj", "{595284C2-3A61-49A1-A777-AC7E4EB54E0D}"
EndProject
Project("{FAE04EC0-301F-11D3-BF4B-00C04F79EFBC}") = "IRAT.Inject.Model", "IRAT.Inject.Model\IRAT.Inject.Model.csproj", "{ABAE72C3-7309-4800-8766-5C379CC0DBDB}"
EndProject
Project("{FAE04EC0-301F-11D3-BF4B-00C04F79EFBC}") = "IRAT.Inject.Support", "IRAT.Inject.Support\IRAT.Inject.Support.csproj", "{16DDB24F-B9F9-41EE-9A9C-586F3CD9DC68}"
EndProject
Project("{FAE04EC0-301F-11D3-BF4B-00C04F79EFBC}") = "IRAT.Inject.UIModel", "IRAT.Inject.UIModel\IRAT.Inject.UIModel.csproj", "{D23808D8-1FBB-496D-B229-E70EACEED083}"
EndProject
Global
	GlobalSection(SolutionConfigurationPlatforms) = preSolution
		Debug|Any CPU = Debug|Any CPU
		Release|Any CPU = Release|Any CPU
	EndGlobalSection
	GlobalSection(ProjectConfigurationPlatforms) = postSolution
		{0D7A24C6-B6D9-4A88-81E9-7A452EA28AC2}.Debug|Any CPU.ActiveCfg = Debug|Any CPU
		{0D7A24C6-B6D9-4A88-81E9-7A452EA28AC2}.Debug|Any CPU.Build.0 = Debug|Any CPU
		{0D7A24C6-B6D9-4A88-81E9-7A452EA28AC2}.Release|Any CPU.ActiveCfg = Release|Any CPU
		{0D7A24C6-B6D9-4A88-81E9-7A452EA28AC2}.Release|Any CPU.Build.0 = Release|Any CPU
		{595284C2-3A61-49A1-A777-AC7E4EB54E0D}.Debug|Any CPU.ActiveCfg = Debug|Any CPU
		{595284C2-3A61-49A1-A777-AC7E4EB54E0D}.Debug|Any CPU.Build.0 = Debug|Any CPU
		{595284C2-3A61-49A1-A777-AC7E4EB54E0D}.Release|Any CPU.ActiveCfg = Release|Any CPU
		{595284C2-3A61-49A1-A777-AC7E4EB54E0D}.Release|Any CPU.Build.0 = Release|Any CPU
		{ABAE72C3-7309-4800-8766-5C379CC0DBDB}.Debug|Any CPU.ActiveCfg = Debug|Any CPU
		{ABAE72C3-7309-4800-8766-5C379CC0DBDB}.Debug|Any CPU.Build.0 = Debug|Any CPU
		{ABAE72C3-7309-4800-8766-5C379CC0DBDB}.Release|Any CPU.ActiveCfg = Release|Any CPU
		{ABAE72C3-7309-4800-8766-5C379CC0DBDB}.Release|Any CPU.Build.0 = Release|Any CPU
		{16DDB24F-B9F9-41EE-9A9C-586F3CD9DC68}.Debug|Any CPU.ActiveCfg = Debug|Any CPU
		{16DDB24F-B9F9-41EE-9A9C-586F3CD9DC68}.Debug|Any CPU.Build.0 = Debug|Any CPU
		{16DDB24F-B9F9-41EE-9A9C-586F3CD9DC68}.Release|Any CPU.ActiveCfg = Release|Any CPU
		{16DDB24F-B9F9-41EE-9A9C-586F3CD9DC68}.Release|Any CPU.Build.0 = Release|Any CPU
		{D23808D8-1FBB-496D-B229-E70EACEED083}.Debug|Any CPU.ActiveCfg = Debug|Any CPU
		{D23808D8-1FBB-496D-B229-E70EACEED083}.Debug|Any CPU.Build.0 = Debug|Any CPU
		{D23808D8-1FBB-496D-B229-E70EACEED083}.Release|Any CPU.ActiveCfg = Release|Any CPU
		{D23808D8-1FBB-496D-B229-E70EACEED083}.Release|Any CPU.Build.0 = Release|Any CPU
	EndGlobalSection
	GlobalSection(SolutionProperties) = preSolution
		HideSolutionNode = FALSE
	EndGlobalSection
	GlobalSection(ExtensibilityGlobals) = postSolution
		SolutionGuid = {356D0A5A-5CE4-4B7C-BA54-86473C0DAE77}
	EndGlobalSection
EndGlobal
